
Microsoft Visual Studio Solution File, Format Version 12.00
# Visual Studio 15
VisualStudioVersion = 15.0.28307.1145
MinimumVisualStudioVersion = 10.0.40219.1
Project("{FAE04EC0-301F-11D3-BF4B-00C04F79EFBC}") = "ClothBazar.web", "ClothBazar.web\ClothBazar.web.csproj", "{56BD8193-DCE1-42F9-AC13-53BC1CEE1C60}"
EndProject
Project("{FAE04EC0-301F-11D3-BF4B-00C04F79EFBC}") = "ClothBazar.Entities", "ClothBazar.Entities\ClothBazar.Entities.csproj", "{2608C763-2BC2-446F-85D9-82A456AC48D4}"
EndProject
Project("{FAE04EC0-301F-11D3-BF4B-00C04F79EFBC}") = "ClothBazar.Database", "ClothBazar.Database\ClothBazar.Database.csproj", "{D810FCB9-E9A8-4C28-A00C-B76E483682CA}"
EndProject
Project("{FAE04EC0-301F-11D3-BF4B-00C04F79EFBC}") = "ClothBazar.services", "ClothBazar.services\ClothBazar.services.csproj", "{0BFB2D40-3475-42E8-AD2C-120A525684B8}"
EndProject
Global
	GlobalSection(SolutionConfigurationPlatforms) = preSolution
		Debug|Any CPU = Debug|Any CPU
		Release|Any CPU = Release|Any CPU
	EndGlobalSection
	GlobalSection(ProjectConfigurationPlatforms) = postSolution
		{56BD8193-DCE1-42F9-AC13-53BC1CEE1C60}.Debug|Any CPU.ActiveCfg = Debug|Any CPU
		{56BD8193-DCE1-42F9-AC13-53BC1CEE1C60}.Debug|Any CPU.Build.0 = Debug|Any CPU
		{56BD8193-DCE1-42F9-AC13-53BC1CEE1C60}.Release|Any CPU.ActiveCfg = Release|Any CPU
		{56BD8193-DCE1-42F9-AC13-53BC1CEE1C60}.Release|Any CPU.Build.0 = Release|Any CPU
		{2608C763-2BC2-446F-85D9-82A456AC48D4}.Debug|Any CPU.ActiveCfg = Debug|Any CPU
		{2608C763-2BC2-446F-85D9-82A456AC48D4}.Debug|Any CPU.Build.0 = Debug|Any CPU
		{2608C763-2BC2-446F-85D9-82A456AC48D4}.Release|Any CPU.ActiveCfg = Release|Any CPU
		{2608C763-2BC2-446F-85D9-82A456AC48D4}.Release|Any CPU.Build.0 = Release|Any CPU
		{D810FCB9-E9A8-4C28-A00C-B76E483682CA}.Debug|Any CPU.ActiveCfg = Debug|Any CPU
		{D810FCB9-E9A8-4C28-A00C-B76E483682CA}.Debug|Any CPU.Build.0 = Debug|Any CPU
		{D810FCB9-E9A8-4C28-A00C-B76E483682CA}.Release|Any CPU.ActiveCfg = Release|Any CPU
		{D810FCB9-E9A8-4C28-A00C-B76E483682CA}.Release|Any CPU.Build.0 = Release|Any CPU
		{0BFB2D40-3475-42E8-AD2C-120A525684B8}.Debug|Any CPU.ActiveCfg = Debug|Any CPU
		{0BFB2D40-3475-42E8-AD2C-120A525684B8}.Debug|Any CPU.Build.0 = Debug|Any CPU
		{0BFB2D40-3475-42E8-AD2C-120A525684B8}.Release|Any CPU.ActiveCfg = Release|Any CPU
		{0BFB2D40-3475-42E8-AD2C-120A525684B8}.Release|Any CPU.Build.0 = Release|Any CPU
	EndGlobalSection
	GlobalSection(SolutionProperties) = preSolution
		HideSolutionNode = FALSE
	EndGlobalSection
	GlobalSection(ExtensibilityGlobals) = postSolution
		SolutionGuid = {AE445190-282F-4A8F-9A02-E3F3009A82FE}
	EndGlobalSection
EndGlobal
